
Microsoft Visual Studio Solution File, Format Version 12.00
# Visual Studio Version 17
VisualStudioVersion = 17.3.32922.545
MinimumVisualStudioVersion = 10.0.40219.1
Project("{9A19103F-16F7-4668-BE54-9A1E7A4F7556}") = "NeoServer.Server", "ApplicationServer\NeoServer.Server\NeoServer.Server.csproj", "{7E4B4211-CC8F-4465-9E51-ED75C63CD179}"
EndProject
Project("{9A19103F-16F7-4668-BE54-9A1E7A4F7556}") = "NeoServer.Networking", "NetworkingServer\NeoServer.Networking\NeoServer.Networking.csproj", "{5C1A1E43-07AA-49B0-8AB0-2A58247EE6F3}"
EndProject
Project("{2150E333-8FDC-42A3-9474-1A3956D46DE8}") = "network server", "network server", "{676FD03A-21CA-45E6-B61A-2AFCE061269B}"
EndProject
Project("{9A19103F-16F7-4668-BE54-9A1E7A4F7556}") = "NeoServer.Networking.Packets", "NetworkingServer\NeoServer.Networking.Packets\NeoServer.Networking.Packets.csproj", "{C5003674-F29E-499D-BCC9-DE8C67AAEE52}"
EndProject
Project("{9A19103F-16F7-4668-BE54-9A1E7A4F7556}") = "NeoServer.Networking.Handlers", "NetworkingServer\NeoServer.Networking.Handlers\NeoServer.Networking.Handlers.csproj", "{DD362E90-524D-4417-98D5-3FA461ADDA11}"
EndProject
Project("{9A19103F-16F7-4668-BE54-9A1E7A4F7556}") = "NeoServer.Data", "Database\NeoServer.Data\NeoServer.Data.csproj", "{FDC1CDFD-8CB9-4ED6-B51D-BFCCCF754947}"
EndProject
Project("{2150E333-8FDC-42A3-9474-1A3956D46DE8}") = "database", "database", "{C859BCB0-ED88-4607-9687-6CE2B309643F}"
EndProject
Project("{9A19103F-16F7-4668-BE54-9A1E7A4F7556}") = "NeoServer.Server.Standalone", "Standalone\NeoServer.Server.Standalone.csproj", "{853B0EBF-1BE1-4999-8574-45943790FF7D}"
EndProject
Project("{9A19103F-16F7-4668-BE54-9A1E7A4F7556}") = "NeoServer.Server.Security", "ApplicationServer\NeoServer.Server.Security\NeoServer.Server.Security.csproj", "{BDD1E97A-0A19-482A-B211-320809D40167}"
EndProject
Project("{9A19103F-16F7-4668-BE54-9A1E7A4F7556}") = "NeoServer.Server.Common", "ApplicationServer\NeoServer.Server.Contracts\NeoServer.Server.Common.csproj", "{A5D60E73-9D23-4191-9F69-9B31651C2BDB}"
EndProject
Project("{9A19103F-16F7-4668-BE54-9A1E7A4F7556}") = "NeoServer.Networking.Tests", "..\tests\NeoServer.Networking.Tests\NeoServer.Networking.Tests.csproj", "{47360B5F-31E4-409A-9BD7-157374089392}"
EndProject
Project("{9A19103F-16F7-4668-BE54-9A1E7A4F7556}") = "NeoServer.Server.Helpers", "ApplicationServer\NeoServer.Server.Helpers\NeoServer.Server.Helpers.csproj", "{B6805724-B1DA-4E7E-81A6-D220AE69D56E}"
EndProject
Project("{9A19103F-16F7-4668-BE54-9A1E7A4F7556}") = "NeoServer.Server.Commands", "ApplicationServer\NeoServer.Server.Commands\NeoServer.Server.Commands.csproj", "{64FD1616-263E-4974-9640-775BFFB5725E}"
EndProject
Project("{9A19103F-16F7-4668-BE54-9A1E7A4F7556}") = "NeoServer.Server.Events", "ApplicationServer\NeoServer.Server.Events\NeoServer.Server.Events.csproj", "{6F24CEA8-711D-4BC4-ABA0-68E04D58DAC2}"
EndProject
Project("{9A19103F-16F7-4668-BE54-9A1E7A4F7556}") = "NeoServer.Loaders", "Loaders\NeoServer.Loaders\NeoServer.Loaders.csproj", "{634FBA6A-3625-43DC-89B3-97913211FA9F}"
EndProject
Project("{9A19103F-16F7-4668-BE54-9A1E7A4F7556}") = "NeoServer.Server.Routines", "ApplicationServer\NeoServer.Server.Routines\NeoServer.Server.Routines.csproj", "{966C5E69-B1DF-4594-8C6F-C7F32C02866F}"
EndProject
Project("{9A19103F-16F7-4668-BE54-9A1E7A4F7556}") = "NeoServer.Benchmarks", "..\benchmarks\NeoServer.Benchmarks\NeoServer.Benchmarks.csproj", "{96C4E3BF-842D-4132-9A23-0BA35F2660F2}"
EndProject
Project("{9A19103F-16F7-4668-BE54-9A1E7A4F7556}") = "NeoServer.Extensions", "..\data\extensions\NeoServer.Extensions.csproj", "{F9748A4D-F069-408B-986B-7633236B280D}"
EndProject
Project("{9A19103F-16F7-4668-BE54-9A1E7A4F7556}") = "NeoServer.Server.Compiler", "ApplicationServer\NeoServer.Server.Compiler\NeoServer.Server.Compiler.csproj", "{C45D55EF-5950-4DE5-95FA-F1BAD94A9D69}"
EndProject
Project("{2150E333-8FDC-42A3-9474-1A3956D46DE8}") = "tests", "tests", "{9D4CBB34-8698-4A2E-BBC9-12586A98DC30}"
EndProject
Project("{9A19103F-16F7-4668-BE54-9A1E7A4F7556}") = "NeoServer.Server.Tests", "..\tests\NeoServer.Server.Tests\NeoServer.Server.Tests.csproj", "{240DD72A-84C2-4027-A837-10069BA4DE45}"
EndProject
Project("{9A19103F-16F7-4668-BE54-9A1E7A4F7556}") = "NeoServer.Data.InMemory.DataStores", "Database\NeoServer.Data.InMemory.DataStores\NeoServer.Data.InMemory.DataStores.csproj", "{C1ECE885-A951-4D93-8168-D6632F8848AE}"
EndProject
Project("{9A19103F-16F7-4668-BE54-9A1E7A4F7556}") = "NeoServer.Loaders.Tests", "..\tests\NeoServer.Loaders.Tests\NeoServer.Loaders.Tests.csproj", "{BF47800C-BB14-4A24-9EB2-3BAE8B64EA5C}"
EndProject
Project("{2150E333-8FDC-42A3-9474-1A3956D46DE8}") = "src", "src", "{41D4D3B5-6FC6-48F5-9D05-EA8C293DB44B}"
EndProject
Project("{2150E333-8FDC-42A3-9474-1A3956D46DE8}") = "loaders", "loaders", "{FA691E87-E79B-4778-9996-52077E6802B0}"
EndProject
Project("{2150E333-8FDC-42A3-9474-1A3956D46DE8}") = "application server", "application server", "{83192B33-17E6-49EF-A698-3F34EAAE188B}"
EndProject
Project("{2150E333-8FDC-42A3-9474-1A3956D46DE8}") = "extensions", "extensions", "{2D49C135-AE9B-4434-8CF3-2F3E43E2583A}"
EndProject
Project("{2150E333-8FDC-42A3-9474-1A3956D46DE8}") = "game", "game", "{4733614A-98B6-48C5-A449-046601727458}"
EndProject
Project("{FAE04EC0-301F-11D3-BF4B-00C04F79EFBC}") = "NeoServer.Aspire.AppHost", "NeoServer.Aspire\NeoServer.Aspire.AppHost\NeoServer.Aspire.AppHost.csproj", "{BC61E4DA-D4F3-46DC-9B1D-E563BDF45E02}"
EndProject
Project("{2150E333-8FDC-42A3-9474-1A3956D46DE8}") = "core", "core", "{EB46ABE5-1719-4A52-BACB-A05D6EACCAB5}"
EndProject
Project("{FAE04EC0-301F-11D3-BF4B-00C04F79EFBC}") = "NeoServer.Scripts.LuaJIT", "Extensions\NeoServer.Scripts.LuaJIT\NeoServer.Scripts.LuaJIT.csproj", "{79E18750-321E-4E02-897D-889A70530993}"
EndProject
Project("{FAE04EC0-301F-11D3-BF4B-00C04F79EFBC}") = "NeoServer.Domain", "Core\NeoServer.Domain\NeoServer.Domain.csproj", "{FF09B073-3940-4119-B06B-5E6A7802896B}"
EndProject
Project("{FAE04EC0-301F-11D3-BF4B-00C04F79EFBC}") = "NeoServer.Domain.Tests", "..\tests\NeoServer.Domain.Tests\NeoServer.Domain.Tests.csproj", "{BE223B55-CE32-4217-BF78-CADFA855C966}"
EndProject
Project("{FAE04EC0-301F-11D3-BF4B-00C04F79EFBC}") = "NeoServer.E2E.Tests", "..\tests\NeoServer.E2E.Tests\NeoServer.E2E.Tests.csproj", "{7EDEA95C-61F1-4878-ACD7-39F30FA1E04A}"
EndProject
Global
	GlobalSection(SolutionConfigurationPlatforms) = preSolution
		Debug|Any CPU = Debug|Any CPU
		Debug|x64 = Debug|x64
		Debug|x86 = Debug|x86
		Release|Any CPU = Release|Any CPU
		Release|x64 = Release|x64
		Release|x86 = Release|x86
	EndGlobalSection
	GlobalSection(ProjectConfigurationPlatforms) = postSolution
		{7E4B4211-CC8F-4465-9E51-ED75C63CD179}.Debug|Any CPU.ActiveCfg = Debug|Any CPU
		{7E4B4211-CC8F-4465-9E51-ED75C63CD179}.Debug|Any CPU.Build.0 = Debug|Any CPU
		{7E4B4211-CC8F-4465-9E51-ED75C63CD179}.Debug|x64.ActiveCfg = Debug|x64
		{7E4B4211-CC8F-4465-9E51-ED75C63CD179}.Debug|x64.Build.0 = Debug|x64
		{7E4B4211-CC8F-4465-9E51-ED75C63CD179}.Debug|x86.ActiveCfg = Debug|Any CPU
		{7E4B4211-CC8F-4465-9E51-ED75C63CD179}.Debug|x86.Build.0 = Debug|Any CPU
		{7E4B4211-CC8F-4465-9E51-ED75C63CD179}.Release|Any CPU.ActiveCfg = Release|Any CPU
		{7E4B4211-CC8F-4465-9E51-ED75C63CD179}.Release|Any CPU.Build.0 = Release|Any CPU
		{7E4B4211-CC8F-4465-9E51-ED75C63CD179}.Release|x64.ActiveCfg = Release|x64
		{7E4B4211-CC8F-4465-9E51-ED75C63CD179}.Release|x64.Build.0 = Release|x64
		{7E4B4211-CC8F-4465-9E51-ED75C63CD179}.Release|x86.ActiveCfg = Release|Any CPU
		{7E4B4211-CC8F-4465-9E51-ED75C63CD179}.Release|x86.Build.0 = Release|Any CPU
		{5C1A1E43-07AA-49B0-8AB0-2A58247EE6F3}.Debug|Any CPU.ActiveCfg = Debug|Any CPU
		{5C1A1E43-07AA-49B0-8AB0-2A58247EE6F3}.Debug|Any CPU.Build.0 = Debug|Any CPU
		{5C1A1E43-07AA-49B0-8AB0-2A58247EE6F3}.Debug|x64.ActiveCfg = Debug|x64
		{5C1A1E43-07AA-49B0-8AB0-2A58247EE6F3}.Debug|x64.Build.0 = Debug|x64
		{5C1A1E43-07AA-49B0-8AB0-2A58247EE6F3}.Debug|x86.ActiveCfg = Debug|Any CPU
		{5C1A1E43-07AA-49B0-8AB0-2A58247EE6F3}.Debug|x86.Build.0 = Debug|Any CPU
		{5C1A1E43-07AA-49B0-8AB0-2A58247EE6F3}.Release|Any CPU.ActiveCfg = Release|Any CPU
		{5C1A1E43-07AA-49B0-8AB0-2A58247EE6F3}.Release|Any CPU.Build.0 = Release|Any CPU
		{5C1A1E43-07AA-49B0-8AB0-2A58247EE6F3}.Release|x64.ActiveCfg = Release|x64
		{5C1A1E43-07AA-49B0-8AB0-2A58247EE6F3}.Release|x64.Build.0 = Release|x64
		{5C1A1E43-07AA-49B0-8AB0-2A58247EE6F3}.Release|x86.ActiveCfg = Release|Any CPU
		{5C1A1E43-07AA-49B0-8AB0-2A58247EE6F3}.Release|x86.Build.0 = Release|Any CPU
		{C5003674-F29E-499D-BCC9-DE8C67AAEE52}.Debug|Any CPU.ActiveCfg = Debug|Any CPU
		{C5003674-F29E-499D-BCC9-DE8C67AAEE52}.Debug|Any CPU.Build.0 = Debug|Any CPU
		{C5003674-F29E-499D-BCC9-DE8C67AAEE52}.Debug|x64.ActiveCfg = Debug|x64
		{C5003674-F29E-499D-BCC9-DE8C67AAEE52}.Debug|x64.Build.0 = Debug|x64
		{C5003674-F29E-499D-BCC9-DE8C67AAEE52}.Debug|x86.ActiveCfg = Debug|Any CPU
		{C5003674-F29E-499D-BCC9-DE8C67AAEE52}.Debug|x86.Build.0 = Debug|Any CPU
		{C5003674-F29E-499D-BCC9-DE8C67AAEE52}.Release|Any CPU.ActiveCfg = Release|Any CPU
		{C5003674-F29E-499D-BCC9-DE8C67AAEE52}.Release|Any CPU.Build.0 = Release|Any CPU
		{C5003674-F29E-499D-BCC9-DE8C67AAEE52}.Release|x64.ActiveCfg = Release|x64
		{C5003674-F29E-499D-BCC9-DE8C67AAEE52}.Release|x64.Build.0 = Release|x64
		{C5003674-F29E-499D-BCC9-DE8C67AAEE52}.Release|x86.ActiveCfg = Release|Any CPU
		{C5003674-F29E-499D-BCC9-DE8C67AAEE52}.Release|x86.Build.0 = Release|Any CPU
		{DD362E90-524D-4417-98D5-3FA461ADDA11}.Debug|Any CPU.ActiveCfg = Debug|Any CPU
		{DD362E90-524D-4417-98D5-3FA461ADDA11}.Debug|Any CPU.Build.0 = Debug|Any CPU
		{DD362E90-524D-4417-98D5-3FA461ADDA11}.Debug|x64.ActiveCfg = Debug|x64
		{DD362E90-524D-4417-98D5-3FA461ADDA11}.Debug|x64.Build.0 = Debug|x64
		{DD362E90-524D-4417-98D5-3FA461ADDA11}.Debug|x86.ActiveCfg = Debug|Any CPU
		{DD362E90-524D-4417-98D5-3FA461ADDA11}.Debug|x86.Build.0 = Debug|Any CPU
		{DD362E90-524D-4417-98D5-3FA461ADDA11}.Release|Any CPU.ActiveCfg = Release|Any CPU
		{DD362E90-524D-4417-98D5-3FA461ADDA11}.Release|Any CPU.Build.0 = Release|Any CPU
		{DD362E90-524D-4417-98D5-3FA461ADDA11}.Release|x64.ActiveCfg = Release|x64
		{DD362E90-524D-4417-98D5-3FA461ADDA11}.Release|x64.Build.0 = Release|x64
		{DD362E90-524D-4417-98D5-3FA461ADDA11}.Release|x86.ActiveCfg = Release|Any CPU
		{DD362E90-524D-4417-98D5-3FA461ADDA11}.Release|x86.Build.0 = Release|Any CPU
		{FDC1CDFD-8CB9-4ED6-B51D-BFCCCF754947}.Debug|Any CPU.ActiveCfg = Debug|Any CPU
		{FDC1CDFD-8CB9-4ED6-B51D-BFCCCF754947}.Debug|Any CPU.Build.0 = Debug|Any CPU
		{FDC1CDFD-8CB9-4ED6-B51D-BFCCCF754947}.Debug|x64.ActiveCfg = Debug|x64
		{FDC1CDFD-8CB9-4ED6-B51D-BFCCCF754947}.Debug|x64.Build.0 = Debug|x64
		{FDC1CDFD-8CB9-4ED6-B51D-BFCCCF754947}.Debug|x86.ActiveCfg = Debug|Any CPU
		{FDC1CDFD-8CB9-4ED6-B51D-BFCCCF754947}.Debug|x86.Build.0 = Debug|Any CPU
		{FDC1CDFD-8CB9-4ED6-B51D-BFCCCF754947}.Release|Any CPU.ActiveCfg = Release|Any CPU
		{FDC1CDFD-8CB9-4ED6-B51D-BFCCCF754947}.Release|Any CPU.Build.0 = Release|Any CPU
		{FDC1CDFD-8CB9-4ED6-B51D-BFCCCF754947}.Release|x64.ActiveCfg = Release|x64
		{FDC1CDFD-8CB9-4ED6-B51D-BFCCCF754947}.Release|x64.Build.0 = Release|x64
		{FDC1CDFD-8CB9-4ED6-B51D-BFCCCF754947}.Release|x86.ActiveCfg = Release|Any CPU
		{FDC1CDFD-8CB9-4ED6-B51D-BFCCCF754947}.Release|x86.Build.0 = Release|Any CPU
		{853B0EBF-1BE1-4999-8574-45943790FF7D}.Debug|Any CPU.ActiveCfg = Debug|Any CPU
		{853B0EBF-1BE1-4999-8574-45943790FF7D}.Debug|Any CPU.Build.0 = Debug|Any CPU
		{853B0EBF-1BE1-4999-8574-45943790FF7D}.Debug|x64.ActiveCfg = Debug|x64
		{853B0EBF-1BE1-4999-8574-45943790FF7D}.Debug|x64.Build.0 = Debug|x64
		{853B0EBF-1BE1-4999-8574-45943790FF7D}.Debug|x86.ActiveCfg = Debug|Any CPU
		{853B0EBF-1BE1-4999-8574-45943790FF7D}.Debug|x86.Build.0 = Debug|Any CPU
		{853B0EBF-1BE1-4999-8574-45943790FF7D}.Release|Any CPU.ActiveCfg = Release|Any CPU
		{853B0EBF-1BE1-4999-8574-45943790FF7D}.Release|Any CPU.Build.0 = Release|Any CPU
		{853B0EBF-1BE1-4999-8574-45943790FF7D}.Release|x64.ActiveCfg = Release|x64
		{853B0EBF-1BE1-4999-8574-45943790FF7D}.Release|x64.Build.0 = Release|x64
		{853B0EBF-1BE1-4999-8574-45943790FF7D}.Release|x86.ActiveCfg = Release|Any CPU
		{853B0EBF-1BE1-4999-8574-45943790FF7D}.Release|x86.Build.0 = Release|Any CPU
		{BDD1E97A-0A19-482A-B211-320809D40167}.Debug|Any CPU.ActiveCfg = Debug|Any CPU
		{BDD1E97A-0A19-482A-B211-320809D40167}.Debug|Any CPU.Build.0 = Debug|Any CPU
		{BDD1E97A-0A19-482A-B211-320809D40167}.Debug|x64.ActiveCfg = Debug|x64
		{BDD1E97A-0A19-482A-B211-320809D40167}.Debug|x64.Build.0 = Debug|x64
		{BDD1E97A-0A19-482A-B211-320809D40167}.Debug|x86.ActiveCfg = Debug|Any CPU
		{BDD1E97A-0A19-482A-B211-320809D40167}.Debug|x86.Build.0 = Debug|Any CPU
		{BDD1E97A-0A19-482A-B211-320809D40167}.Release|Any CPU.ActiveCfg = Release|Any CPU
		{BDD1E97A-0A19-482A-B211-320809D40167}.Release|Any CPU.Build.0 = Release|Any CPU
		{BDD1E97A-0A19-482A-B211-320809D40167}.Release|x64.ActiveCfg = Release|x64
		{BDD1E97A-0A19-482A-B211-320809D40167}.Release|x64.Build.0 = Release|x64
		{BDD1E97A-0A19-482A-B211-320809D40167}.Release|x86.ActiveCfg = Release|Any CPU
		{BDD1E97A-0A19-482A-B211-320809D40167}.Release|x86.Build.0 = Release|Any CPU
		{A5D60E73-9D23-4191-9F69-9B31651C2BDB}.Debug|Any CPU.ActiveCfg = Debug|Any CPU
		{A5D60E73-9D23-4191-9F69-9B31651C2BDB}.Debug|Any CPU.Build.0 = Debug|Any CPU
		{A5D60E73-9D23-4191-9F69-9B31651C2BDB}.Debug|x64.ActiveCfg = Debug|x64
		{A5D60E73-9D23-4191-9F69-9B31651C2BDB}.Debug|x64.Build.0 = Debug|x64
		{A5D60E73-9D23-4191-9F69-9B31651C2BDB}.Debug|x86.ActiveCfg = Debug|Any CPU
		{A5D60E73-9D23-4191-9F69-9B31651C2BDB}.Debug|x86.Build.0 = Debug|Any CPU
		{A5D60E73-9D23-4191-9F69-9B31651C2BDB}.Release|Any CPU.ActiveCfg = Release|Any CPU
		{A5D60E73-9D23-4191-9F69-9B31651C2BDB}.Release|Any CPU.Build.0 = Release|Any CPU
		{A5D60E73-9D23-4191-9F69-9B31651C2BDB}.Release|x64.ActiveCfg = Release|x64
		{A5D60E73-9D23-4191-9F69-9B31651C2BDB}.Release|x64.Build.0 = Release|x64
		{A5D60E73-9D23-4191-9F69-9B31651C2BDB}.Release|x86.ActiveCfg = Release|Any CPU
		{A5D60E73-9D23-4191-9F69-9B31651C2BDB}.Release|x86.Build.0 = Release|Any CPU
		{47360B5F-31E4-409A-9BD7-157374089392}.Debug|Any CPU.ActiveCfg = Debug|Any CPU
		{47360B5F-31E4-409A-9BD7-157374089392}.Debug|Any CPU.Build.0 = Debug|Any CPU
		{47360B5F-31E4-409A-9BD7-157374089392}.Debug|x64.ActiveCfg = Debug|x64
		{47360B5F-31E4-409A-9BD7-157374089392}.Debug|x64.Build.0 = Debug|x64
		{47360B5F-31E4-409A-9BD7-157374089392}.Debug|x86.ActiveCfg = Debug|Any CPU
		{47360B5F-31E4-409A-9BD7-157374089392}.Debug|x86.Build.0 = Debug|Any CPU
		{47360B5F-31E4-409A-9BD7-157374089392}.Release|Any CPU.ActiveCfg = Release|Any CPU
		{47360B5F-31E4-409A-9BD7-157374089392}.Release|Any CPU.Build.0 = Release|Any CPU
		{47360B5F-31E4-409A-9BD7-157374089392}.Release|x64.ActiveCfg = Release|x64
		{47360B5F-31E4-409A-9BD7-157374089392}.Release|x64.Build.0 = Release|x64
		{47360B5F-31E4-409A-9BD7-157374089392}.Release|x86.ActiveCfg = Release|Any CPU
		{47360B5F-31E4-409A-9BD7-157374089392}.Release|x86.Build.0 = Release|Any CPU
		{B6805724-B1DA-4E7E-81A6-D220AE69D56E}.Debug|Any CPU.ActiveCfg = Debug|Any CPU
		{B6805724-B1DA-4E7E-81A6-D220AE69D56E}.Debug|Any CPU.Build.0 = Debug|Any CPU
		{B6805724-B1DA-4E7E-81A6-D220AE69D56E}.Debug|x64.ActiveCfg = Debug|x64
		{B6805724-B1DA-4E7E-81A6-D220AE69D56E}.Debug|x64.Build.0 = Debug|x64
		{B6805724-B1DA-4E7E-81A6-D220AE69D56E}.Debug|x86.ActiveCfg = Debug|Any CPU
		{B6805724-B1DA-4E7E-81A6-D220AE69D56E}.Debug|x86.Build.0 = Debug|Any CPU
		{B6805724-B1DA-4E7E-81A6-D220AE69D56E}.Release|Any CPU.ActiveCfg = Release|Any CPU
		{B6805724-B1DA-4E7E-81A6-D220AE69D56E}.Release|Any CPU.Build.0 = Release|Any CPU
		{B6805724-B1DA-4E7E-81A6-D220AE69D56E}.Release|x64.ActiveCfg = Release|x64
		{B6805724-B1DA-4E7E-81A6-D220AE69D56E}.Release|x64.Build.0 = Release|x64
		{B6805724-B1DA-4E7E-81A6-D220AE69D56E}.Release|x86.ActiveCfg = Release|Any CPU
		{B6805724-B1DA-4E7E-81A6-D220AE69D56E}.Release|x86.Build.0 = Release|Any CPU
		{64FD1616-263E-4974-9640-775BFFB5725E}.Debug|Any CPU.ActiveCfg = Debug|Any CPU
		{64FD1616-263E-4974-9640-775BFFB5725E}.Debug|Any CPU.Build.0 = Debug|Any CPU
		{64FD1616-263E-4974-9640-775BFFB5725E}.Debug|x64.ActiveCfg = Debug|x64
		{64FD1616-263E-4974-9640-775BFFB5725E}.Debug|x64.Build.0 = Debug|x64
		{64FD1616-263E-4974-9640-775BFFB5725E}.Debug|x86.ActiveCfg = Debug|Any CPU
		{64FD1616-263E-4974-9640-775BFFB5725E}.Debug|x86.Build.0 = Debug|Any CPU
		{64FD1616-263E-4974-9640-775BFFB5725E}.Release|Any CPU.ActiveCfg = Release|Any CPU
		{64FD1616-263E-4974-9640-775BFFB5725E}.Release|Any CPU.Build.0 = Release|Any CPU
		{64FD1616-263E-4974-9640-775BFFB5725E}.Release|x64.ActiveCfg = Release|x64
		{64FD1616-263E-4974-9640-775BFFB5725E}.Release|x64.Build.0 = Release|x64
		{64FD1616-263E-4974-9640-775BFFB5725E}.Release|x86.ActiveCfg = Release|Any CPU
		{64FD1616-263E-4974-9640-775BFFB5725E}.Release|x86.Build.0 = Release|Any CPU
		{6F24CEA8-711D-4BC4-ABA0-68E04D58DAC2}.Debug|Any CPU.ActiveCfg = Debug|Any CPU
		{6F24CEA8-711D-4BC4-ABA0-68E04D58DAC2}.Debug|Any CPU.Build.0 = Debug|Any CPU
		{6F24CEA8-711D-4BC4-ABA0-68E04D58DAC2}.Debug|x64.ActiveCfg = Debug|x64
		{6F24CEA8-711D-4BC4-ABA0-68E04D58DAC2}.Debug|x64.Build.0 = Debug|x64
		{6F24CEA8-711D-4BC4-ABA0-68E04D58DAC2}.Debug|x86.ActiveCfg = Debug|Any CPU
		{6F24CEA8-711D-4BC4-ABA0-68E04D58DAC2}.Debug|x86.Build.0 = Debug|Any CPU
		{6F24CEA8-711D-4BC4-ABA0-68E04D58DAC2}.Release|Any CPU.ActiveCfg = Release|Any CPU
		{6F24CEA8-711D-4BC4-ABA0-68E04D58DAC2}.Release|Any CPU.Build.0 = Release|Any CPU
		{6F24CEA8-711D-4BC4-ABA0-68E04D58DAC2}.Release|x64.ActiveCfg = Release|x64
		{6F24CEA8-711D-4BC4-ABA0-68E04D58DAC2}.Release|x64.Build.0 = Release|x64
		{6F24CEA8-711D-4BC4-ABA0-68E04D58DAC2}.Release|x86.ActiveCfg = Release|Any CPU
		{6F24CEA8-711D-4BC4-ABA0-68E04D58DAC2}.Release|x86.Build.0 = Release|Any CPU
		{634FBA6A-3625-43DC-89B3-97913211FA9F}.Debug|Any CPU.ActiveCfg = Debug|Any CPU
		{634FBA6A-3625-43DC-89B3-97913211FA9F}.Debug|Any CPU.Build.0 = Debug|Any CPU
		{634FBA6A-3625-43DC-89B3-97913211FA9F}.Debug|x64.ActiveCfg = Debug|x64
		{634FBA6A-3625-43DC-89B3-97913211FA9F}.Debug|x64.Build.0 = Debug|x64
		{634FBA6A-3625-43DC-89B3-97913211FA9F}.Debug|x86.ActiveCfg = Debug|Any CPU
		{634FBA6A-3625-43DC-89B3-97913211FA9F}.Debug|x86.Build.0 = Debug|Any CPU
		{634FBA6A-3625-43DC-89B3-97913211FA9F}.Release|Any CPU.ActiveCfg = Release|Any CPU
		{634FBA6A-3625-43DC-89B3-97913211FA9F}.Release|Any CPU.Build.0 = Release|Any CPU
		{634FBA6A-3625-43DC-89B3-97913211FA9F}.Release|x64.ActiveCfg = Release|x64
		{634FBA6A-3625-43DC-89B3-97913211FA9F}.Release|x64.Build.0 = Release|x64
		{634FBA6A-3625-43DC-89B3-97913211FA9F}.Release|x86.ActiveCfg = Release|Any CPU
		{634FBA6A-3625-43DC-89B3-97913211FA9F}.Release|x86.Build.0 = Release|Any CPU
		{966C5E69-B1DF-4594-8C6F-C7F32C02866F}.Debug|Any CPU.ActiveCfg = Debug|Any CPU
		{966C5E69-B1DF-4594-8C6F-C7F32C02866F}.Debug|Any CPU.Build.0 = Debug|Any CPU
		{966C5E69-B1DF-4594-8C6F-C7F32C02866F}.Debug|x64.ActiveCfg = Debug|x64
		{966C5E69-B1DF-4594-8C6F-C7F32C02866F}.Debug|x64.Build.0 = Debug|x64
		{966C5E69-B1DF-4594-8C6F-C7F32C02866F}.Debug|x86.ActiveCfg = Debug|Any CPU
		{966C5E69-B1DF-4594-8C6F-C7F32C02866F}.Debug|x86.Build.0 = Debug|Any CPU
		{966C5E69-B1DF-4594-8C6F-C7F32C02866F}.Release|Any CPU.ActiveCfg = Release|Any CPU
		{966C5E69-B1DF-4594-8C6F-C7F32C02866F}.Release|Any CPU.Build.0 = Release|Any CPU
		{966C5E69-B1DF-4594-8C6F-C7F32C02866F}.Release|x64.ActiveCfg = Release|x64
		{966C5E69-B1DF-4594-8C6F-C7F32C02866F}.Release|x64.Build.0 = Release|x64
		{966C5E69-B1DF-4594-8C6F-C7F32C02866F}.Release|x86.ActiveCfg = Release|Any CPU
		{966C5E69-B1DF-4594-8C6F-C7F32C02866F}.Release|x86.Build.0 = Release|Any CPU
		{96C4E3BF-842D-4132-9A23-0BA35F2660F2}.Debug|Any CPU.ActiveCfg = Debug|Any CPU
		{96C4E3BF-842D-4132-9A23-0BA35F2660F2}.Debug|Any CPU.Build.0 = Debug|Any CPU
		{96C4E3BF-842D-4132-9A23-0BA35F2660F2}.Debug|x64.ActiveCfg = Debug|Any CPU
		{96C4E3BF-842D-4132-9A23-0BA35F2660F2}.Debug|x64.Build.0 = Debug|Any CPU
		{96C4E3BF-842D-4132-9A23-0BA35F2660F2}.Debug|x86.ActiveCfg = Debug|Any CPU
		{96C4E3BF-842D-4132-9A23-0BA35F2660F2}.Debug|x86.Build.0 = Debug|Any CPU
		{96C4E3BF-842D-4132-9A23-0BA35F2660F2}.Release|Any CPU.ActiveCfg = Release|Any CPU
		{96C4E3BF-842D-4132-9A23-0BA35F2660F2}.Release|Any CPU.Build.0 = Release|Any CPU
		{96C4E3BF-842D-4132-9A23-0BA35F2660F2}.Release|x64.ActiveCfg = Release|Any CPU
		{96C4E3BF-842D-4132-9A23-0BA35F2660F2}.Release|x64.Build.0 = Release|Any CPU
		{96C4E3BF-842D-4132-9A23-0BA35F2660F2}.Release|x86.ActiveCfg = Release|Any CPU
		{96C4E3BF-842D-4132-9A23-0BA35F2660F2}.Release|x86.Build.0 = Release|Any CPU
		{F9748A4D-F069-408B-986B-7633236B280D}.Debug|Any CPU.ActiveCfg = Debug|Any CPU
		{F9748A4D-F069-408B-986B-7633236B280D}.Debug|x64.ActiveCfg = Debug|Any CPU
		{F9748A4D-F069-408B-986B-7633236B280D}.Debug|x64.Build.0 = Debug|Any CPU
		{F9748A4D-F069-408B-986B-7633236B280D}.Debug|x86.ActiveCfg = Debug|Any CPU
		{F9748A4D-F069-408B-986B-7633236B280D}.Debug|x86.Build.0 = Debug|Any CPU
		{F9748A4D-F069-408B-986B-7633236B280D}.Release|Any CPU.ActiveCfg = Release|Any CPU
		{F9748A4D-F069-408B-986B-7633236B280D}.Release|x64.ActiveCfg = Release|Any CPU
		{F9748A4D-F069-408B-986B-7633236B280D}.Release|x64.Build.0 = Release|Any CPU
		{F9748A4D-F069-408B-986B-7633236B280D}.Release|x86.ActiveCfg = Release|Any CPU
		{F9748A4D-F069-408B-986B-7633236B280D}.Release|x86.Build.0 = Release|Any CPU
		{C45D55EF-5950-4DE5-95FA-F1BAD94A9D69}.Debug|Any CPU.ActiveCfg = Debug|Any CPU
		{C45D55EF-5950-4DE5-95FA-F1BAD94A9D69}.Debug|Any CPU.Build.0 = Debug|Any CPU
		{C45D55EF-5950-4DE5-95FA-F1BAD94A9D69}.Debug|x64.ActiveCfg = Debug|Any CPU
		{C45D55EF-5950-4DE5-95FA-F1BAD94A9D69}.Debug|x64.Build.0 = Debug|Any CPU
		{C45D55EF-5950-4DE5-95FA-F1BAD94A9D69}.Debug|x86.ActiveCfg = Debug|Any CPU
		{C45D55EF-5950-4DE5-95FA-F1BAD94A9D69}.Debug|x86.Build.0 = Debug|Any CPU
		{C45D55EF-5950-4DE5-95FA-F1BAD94A9D69}.Release|Any CPU.ActiveCfg = Release|Any CPU
		{C45D55EF-5950-4DE5-95FA-F1BAD94A9D69}.Release|Any CPU.Build.0 = Release|Any CPU
		{C45D55EF-5950-4DE5-95FA-F1BAD94A9D69}.Release|x64.ActiveCfg = Release|Any CPU
		{C45D55EF-5950-4DE5-95FA-F1BAD94A9D69}.Release|x64.Build.0 = Release|Any CPU
		{C45D55EF-5950-4DE5-95FA-F1BAD94A9D69}.Release|x86.ActiveCfg = Release|Any CPU
		{C45D55EF-5950-4DE5-95FA-F1BAD94A9D69}.Release|x86.Build.0 = Release|Any CPU
		{240DD72A-84C2-4027-A837-10069BA4DE45}.Debug|Any CPU.ActiveCfg = Debug|Any CPU
		{240DD72A-84C2-4027-A837-10069BA4DE45}.Debug|Any CPU.Build.0 = Debug|Any CPU
		{240DD72A-84C2-4027-A837-10069BA4DE45}.Debug|x64.ActiveCfg = Debug|Any CPU
		{240DD72A-84C2-4027-A837-10069BA4DE45}.Debug|x64.Build.0 = Debug|Any CPU
		{240DD72A-84C2-4027-A837-10069BA4DE45}.Debug|x86.ActiveCfg = Debug|Any CPU
		{240DD72A-84C2-4027-A837-10069BA4DE45}.Debug|x86.Build.0 = Debug|Any CPU
		{240DD72A-84C2-4027-A837-10069BA4DE45}.Release|Any CPU.ActiveCfg = Release|Any CPU
		{240DD72A-84C2-4027-A837-10069BA4DE45}.Release|Any CPU.Build.0 = Release|Any CPU
		{240DD72A-84C2-4027-A837-10069BA4DE45}.Release|x64.ActiveCfg = Release|Any CPU
		{240DD72A-84C2-4027-A837-10069BA4DE45}.Release|x64.Build.0 = Release|Any CPU
		{240DD72A-84C2-4027-A837-10069BA4DE45}.Release|x86.ActiveCfg = Release|Any CPU
		{240DD72A-84C2-4027-A837-10069BA4DE45}.Release|x86.Build.0 = Release|Any CPU
		{C1ECE885-A951-4D93-8168-D6632F8848AE}.Debug|Any CPU.ActiveCfg = Debug|Any CPU
		{C1ECE885-A951-4D93-8168-D6632F8848AE}.Debug|Any CPU.Build.0 = Debug|Any CPU
		{C1ECE885-A951-4D93-8168-D6632F8848AE}.Debug|x64.ActiveCfg = Debug|Any CPU
		{C1ECE885-A951-4D93-8168-D6632F8848AE}.Debug|x64.Build.0 = Debug|Any CPU
		{C1ECE885-A951-4D93-8168-D6632F8848AE}.Debug|x86.ActiveCfg = Debug|Any CPU
		{C1ECE885-A951-4D93-8168-D6632F8848AE}.Debug|x86.Build.0 = Debug|Any CPU
		{C1ECE885-A951-4D93-8168-D6632F8848AE}.Release|Any CPU.ActiveCfg = Release|Any CPU
		{C1ECE885-A951-4D93-8168-D6632F8848AE}.Release|Any CPU.Build.0 = Release|Any CPU
		{C1ECE885-A951-4D93-8168-D6632F8848AE}.Release|x64.ActiveCfg = Release|Any CPU
		{C1ECE885-A951-4D93-8168-D6632F8848AE}.Release|x64.Build.0 = Release|Any CPU
		{C1ECE885-A951-4D93-8168-D6632F8848AE}.Release|x86.ActiveCfg = Release|Any CPU
		{C1ECE885-A951-4D93-8168-D6632F8848AE}.Release|x86.Build.0 = Release|Any CPU
		{BF47800C-BB14-4A24-9EB2-3BAE8B64EA5C}.Debug|Any CPU.ActiveCfg = Debug|Any CPU
		{BF47800C-BB14-4A24-9EB2-3BAE8B64EA5C}.Debug|Any CPU.Build.0 = Debug|Any CPU
		{BF47800C-BB14-4A24-9EB2-3BAE8B64EA5C}.Debug|x64.ActiveCfg = Debug|Any CPU
		{BF47800C-BB14-4A24-9EB2-3BAE8B64EA5C}.Debug|x64.Build.0 = Debug|Any CPU
		{BF47800C-BB14-4A24-9EB2-3BAE8B64EA5C}.Debug|x86.ActiveCfg = Debug|Any CPU
		{BF47800C-BB14-4A24-9EB2-3BAE8B64EA5C}.Debug|x86.Build.0 = Debug|Any CPU
		{BF47800C-BB14-4A24-9EB2-3BAE8B64EA5C}.Release|Any CPU.ActiveCfg = Release|Any CPU
		{BF47800C-BB14-4A24-9EB2-3BAE8B64EA5C}.Release|Any CPU.Build.0 = Release|Any CPU
		{BF47800C-BB14-4A24-9EB2-3BAE8B64EA5C}.Release|x64.ActiveCfg = Release|Any CPU
		{BF47800C-BB14-4A24-9EB2-3BAE8B64EA5C}.Release|x64.Build.0 = Release|Any CPU
		{BF47800C-BB14-4A24-9EB2-3BAE8B64EA5C}.Release|x86.ActiveCfg = Release|Any CPU
		{BF47800C-BB14-4A24-9EB2-3BAE8B64EA5C}.Release|x86.Build.0 = Release|Any CPU
		{BC61E4DA-D4F3-46DC-9B1D-E563BDF45E02}.Debug|Any CPU.ActiveCfg = Debug|Any CPU
		{BC61E4DA-D4F3-46DC-9B1D-E563BDF45E02}.Debug|Any CPU.Build.0 = Debug|Any CPU
		{BC61E4DA-D4F3-46DC-9B1D-E563BDF45E02}.Debug|x64.ActiveCfg = Debug|Any CPU
		{BC61E4DA-D4F3-46DC-9B1D-E563BDF45E02}.Debug|x64.Build.0 = Debug|Any CPU
		{BC61E4DA-D4F3-46DC-9B1D-E563BDF45E02}.Debug|x86.ActiveCfg = Debug|Any CPU
		{BC61E4DA-D4F3-46DC-9B1D-E563BDF45E02}.Debug|x86.Build.0 = Debug|Any CPU
		{BC61E4DA-D4F3-46DC-9B1D-E563BDF45E02}.Release|Any CPU.ActiveCfg = Release|Any CPU
		{BC61E4DA-D4F3-46DC-9B1D-E563BDF45E02}.Release|Any CPU.Build.0 = Release|Any CPU
		{BC61E4DA-D4F3-46DC-9B1D-E563BDF45E02}.Release|x64.ActiveCfg = Release|Any CPU
		{BC61E4DA-D4F3-46DC-9B1D-E563BDF45E02}.Release|x64.Build.0 = Release|Any CPU
		{BC61E4DA-D4F3-46DC-9B1D-E563BDF45E02}.Release|x86.ActiveCfg = Release|Any CPU
		{BC61E4DA-D4F3-46DC-9B1D-E563BDF45E02}.Release|x86.Build.0 = Release|Any CPU
		{79E18750-321E-4E02-897D-889A70530993}.Debug|Any CPU.ActiveCfg = Debug|Any CPU
		{79E18750-321E-4E02-897D-889A70530993}.Debug|Any CPU.Build.0 = Debug|Any CPU
		{79E18750-321E-4E02-897D-889A70530993}.Debug|x64.ActiveCfg = Debug|Any CPU
		{79E18750-321E-4E02-897D-889A70530993}.Debug|x64.Build.0 = Debug|Any CPU
		{79E18750-321E-4E02-897D-889A70530993}.Debug|x86.ActiveCfg = Debug|Any CPU
		{79E18750-321E-4E02-897D-889A70530993}.Debug|x86.Build.0 = Debug|Any CPU
		{79E18750-321E-4E02-897D-889A70530993}.Release|Any CPU.ActiveCfg = Release|Any CPU
		{79E18750-321E-4E02-897D-889A70530993}.Release|Any CPU.Build.0 = Release|Any CPU
		{79E18750-321E-4E02-897D-889A70530993}.Release|x64.ActiveCfg = Release|Any CPU
		{79E18750-321E-4E02-897D-889A70530993}.Release|x64.Build.0 = Release|Any CPU
		{79E18750-321E-4E02-897D-889A70530993}.Release|x86.ActiveCfg = Release|Any CPU
		{79E18750-321E-4E02-897D-889A70530993}.Release|x86.Build.0 = Release|Any CPU
		{FF09B073-3940-4119-B06B-5E6A7802896B}.Debug|Any CPU.ActiveCfg = Debug|Any CPU
		{FF09B073-3940-4119-B06B-5E6A7802896B}.Debug|Any CPU.Build.0 = Debug|Any CPU
		{FF09B073-3940-4119-B06B-5E6A7802896B}.Debug|x64.ActiveCfg = Debug|Any CPU
		{FF09B073-3940-4119-B06B-5E6A7802896B}.Debug|x64.Build.0 = Debug|Any CPU
		{FF09B073-3940-4119-B06B-5E6A7802896B}.Debug|x86.ActiveCfg = Debug|Any CPU
		{FF09B073-3940-4119-B06B-5E6A7802896B}.Debug|x86.Build.0 = Debug|Any CPU
		{FF09B073-3940-4119-B06B-5E6A7802896B}.Release|Any CPU.ActiveCfg = Release|Any CPU
		{FF09B073-3940-4119-B06B-5E6A7802896B}.Release|Any CPU.Build.0 = Release|Any CPU
		{FF09B073-3940-4119-B06B-5E6A7802896B}.Release|x64.ActiveCfg = Release|Any CPU
		{FF09B073-3940-4119-B06B-5E6A7802896B}.Release|x64.Build.0 = Release|Any CPU
		{FF09B073-3940-4119-B06B-5E6A7802896B}.Release|x86.ActiveCfg = Release|Any CPU
		{FF09B073-3940-4119-B06B-5E6A7802896B}.Release|x86.Build.0 = Release|Any CPU
		{BE223B55-CE32-4217-BF78-CADFA855C966}.Debug|Any CPU.ActiveCfg = Debug|Any CPU
		{BE223B55-CE32-4217-BF78-CADFA855C966}.Debug|Any CPU.Build.0 = Debug|Any CPU
		{BE223B55-CE32-4217-BF78-CADFA855C966}.Debug|x64.ActiveCfg = Debug|Any CPU
		{BE223B55-CE32-4217-BF78-CADFA855C966}.Debug|x64.Build.0 = Debug|Any CPU
		{BE223B55-CE32-4217-BF78-CADFA855C966}.Debug|x86.ActiveCfg = Debug|Any CPU
		{BE223B55-CE32-4217-BF78-CADFA855C966}.Debug|x86.Build.0 = Debug|Any CPU
		{BE223B55-CE32-4217-BF78-CADFA855C966}.Release|Any CPU.ActiveCfg = Release|Any CPU
		{BE223B55-CE32-4217-BF78-CADFA855C966}.Release|Any CPU.Build.0 = Release|Any CPU
		{BE223B55-CE32-4217-BF78-CADFA855C966}.Release|x64.ActiveCfg = Release|Any CPU
		{BE223B55-CE32-4217-BF78-CADFA855C966}.Release|x64.Build.0 = Release|Any CPU
		{BE223B55-CE32-4217-BF78-CADFA855C966}.Release|x86.ActiveCfg = Release|Any CPU
		{BE223B55-CE32-4217-BF78-CADFA855C966}.Release|x86.Build.0 = Release|Any CPU
		{7EDEA95C-61F1-4878-ACD7-39F30FA1E04A}.Debug|Any CPU.ActiveCfg = Debug|Any CPU
		{7EDEA95C-61F1-4878-ACD7-39F30FA1E04A}.Debug|Any CPU.Build.0 = Debug|Any CPU
		{7EDEA95C-61F1-4878-ACD7-39F30FA1E04A}.Debug|x64.ActiveCfg = Debug|Any CPU
		{7EDEA95C-61F1-4878-ACD7-39F30FA1E04A}.Debug|x64.Build.0 = Debug|Any CPU
		{7EDEA95C-61F1-4878-ACD7-39F30FA1E04A}.Debug|x86.ActiveCfg = Debug|Any CPU
		{7EDEA95C-61F1-4878-ACD7-39F30FA1E04A}.Debug|x86.Build.0 = Debug|Any CPU
		{7EDEA95C-61F1-4878-ACD7-39F30FA1E04A}.Release|Any CPU.ActiveCfg = Release|Any CPU
		{7EDEA95C-61F1-4878-ACD7-39F30FA1E04A}.Release|Any CPU.Build.0 = Release|Any CPU
		{7EDEA95C-61F1-4878-ACD7-39F30FA1E04A}.Release|x64.ActiveCfg = Release|Any CPU
		{7EDEA95C-61F1-4878-ACD7-39F30FA1E04A}.Release|x64.Build.0 = Release|Any CPU
		{7EDEA95C-61F1-4878-ACD7-39F30FA1E04A}.Release|x86.ActiveCfg = Release|Any CPU
		{7EDEA95C-61F1-4878-ACD7-39F30FA1E04A}.Release|x86.Build.0 = Release|Any CPU
	EndGlobalSection
	GlobalSection(SolutionProperties) = preSolution
		HideSolutionNode = FALSE
	EndGlobalSection
	GlobalSection(NestedProjects) = preSolution
		{7E4B4211-CC8F-4465-9E51-ED75C63CD179} = {83192B33-17E6-49EF-A698-3F34EAAE188B}
		{5C1A1E43-07AA-49B0-8AB0-2A58247EE6F3} = {676FD03A-21CA-45E6-B61A-2AFCE061269B}
		{676FD03A-21CA-45E6-B61A-2AFCE061269B} = {41D4D3B5-6FC6-48F5-9D05-EA8C293DB44B}
		{C5003674-F29E-499D-BCC9-DE8C67AAEE52} = {676FD03A-21CA-45E6-B61A-2AFCE061269B}
		{DD362E90-524D-4417-98D5-3FA461ADDA11} = {676FD03A-21CA-45E6-B61A-2AFCE061269B}
		{FDC1CDFD-8CB9-4ED6-B51D-BFCCCF754947} = {C859BCB0-ED88-4607-9687-6CE2B309643F}
		{C859BCB0-ED88-4607-9687-6CE2B309643F} = {41D4D3B5-6FC6-48F5-9D05-EA8C293DB44B}
		{853B0EBF-1BE1-4999-8574-45943790FF7D} = {41D4D3B5-6FC6-48F5-9D05-EA8C293DB44B}
		{BDD1E97A-0A19-482A-B211-320809D40167} = {83192B33-17E6-49EF-A698-3F34EAAE188B}
		{A5D60E73-9D23-4191-9F69-9B31651C2BDB} = {83192B33-17E6-49EF-A698-3F34EAAE188B}
		{47360B5F-31E4-409A-9BD7-157374089392} = {9D4CBB34-8698-4A2E-BBC9-12586A98DC30}
		{B6805724-B1DA-4E7E-81A6-D220AE69D56E} = {83192B33-17E6-49EF-A698-3F34EAAE188B}
		{64FD1616-263E-4974-9640-775BFFB5725E} = {83192B33-17E6-49EF-A698-3F34EAAE188B}
		{6F24CEA8-711D-4BC4-ABA0-68E04D58DAC2} = {83192B33-17E6-49EF-A698-3F34EAAE188B}
		{634FBA6A-3625-43DC-89B3-97913211FA9F} = {FA691E87-E79B-4778-9996-52077E6802B0}
		{966C5E69-B1DF-4594-8C6F-C7F32C02866F} = {83192B33-17E6-49EF-A698-3F34EAAE188B}
		{96C4E3BF-842D-4132-9A23-0BA35F2660F2} = {9D4CBB34-8698-4A2E-BBC9-12586A98DC30}
		{F9748A4D-F069-408B-986B-7633236B280D} = {2D49C135-AE9B-4434-8CF3-2F3E43E2583A}
		{C45D55EF-5950-4DE5-95FA-F1BAD94A9D69} = {83192B33-17E6-49EF-A698-3F34EAAE188B}
		{240DD72A-84C2-4027-A837-10069BA4DE45} = {9D4CBB34-8698-4A2E-BBC9-12586A98DC30}
		{C1ECE885-A951-4D93-8168-D6632F8848AE} = {C859BCB0-ED88-4607-9687-6CE2B309643F}
		{BF47800C-BB14-4A24-9EB2-3BAE8B64EA5C} = {9D4CBB34-8698-4A2E-BBC9-12586A98DC30}
		{FA691E87-E79B-4778-9996-52077E6802B0} = {41D4D3B5-6FC6-48F5-9D05-EA8C293DB44B}
		{83192B33-17E6-49EF-A698-3F34EAAE188B} = {41D4D3B5-6FC6-48F5-9D05-EA8C293DB44B}
		{2D49C135-AE9B-4434-8CF3-2F3E43E2583A} = {41D4D3B5-6FC6-48F5-9D05-EA8C293DB44B}
		{4733614A-98B6-48C5-A449-046601727458} = {9D4CBB34-8698-4A2E-BBC9-12586A98DC30}
		{BC61E4DA-D4F3-46DC-9B1D-E563BDF45E02} = {41D4D3B5-6FC6-48F5-9D05-EA8C293DB44B}
		{EB46ABE5-1719-4A52-BACB-A05D6EACCAB5} = {41D4D3B5-6FC6-48F5-9D05-EA8C293DB44B}
		{79E18750-321E-4E02-897D-889A70530993} = {2D49C135-AE9B-4434-8CF3-2F3E43E2583A}
		{FF09B073-3940-4119-B06B-5E6A7802896B} = {EB46ABE5-1719-4A52-BACB-A05D6EACCAB5}
		{BE223B55-CE32-4217-BF78-CADFA855C966} = {4733614A-98B6-48C5-A449-046601727458}
		{7EDEA95C-61F1-4878-ACD7-39F30FA1E04A} = {9D4CBB34-8698-4A2E-BBC9-12586A98DC30}
	EndGlobalSection
	GlobalSection(ExtensibilityGlobals) = postSolution
		SolutionGuid = {3B3C7097-0071-4218-BE24-5EE9128763B6}
	EndGlobalSection
EndGlobal
